// !$*UTF8*$!
{
	archiveVersion = 1;
	classes = {
	};
	objectVersion = 56;
	objects = {

/* Begin PBXBuildFile section */
		CEE6B8552B5BEE080030DFAE /* FetchNestedJsonDataCovid19App.swift in Sources */ = {isa = PBXBuildFile; fileRef = CEE6B8542B5BEE080030DFAE /* FetchNestedJsonDataCovid19App.swift */; };
		CEE6B8572B5BEE080030DFAE /* ContentView.swift in Sources */ = {isa = PBXBuildFile; fileRef = CEE6B8562B5BEE080030DFAE /* ContentView.swift */; };
		CEE6B8592B5BEE080030DFAE /* Item.swift in Sources */ = {isa = PBXBuildFile; fileRef = CEE6B8582B5BEE080030DFAE /* Item.swift */; };
		CEE6B85B2B5BEE0B0030DFAE /* Assets.xcassets in Resources */ = {isa = PBXBuildFile; fileRef = CEE6B85A2B5BEE0B0030DFAE /* Assets.xcassets */; };
		CEE6B85F2B5BEE0B0030DFAE /* Preview Assets.xcassets in Resources */ = {isa = PBXBuildFile; fileRef = CEE6B85E2B5BEE0B0030DFAE /* Preview Assets.xcassets */; };
		CEE6B8682B5BEEB60030DFAE /* Covid.swift in Sources */ = {isa = PBXBuildFile; fileRef = CEE6B8672B5BEEB60030DFAE /* Covid.swift */; };
		CEE6B86A2B5BF0470030DFAE /* ApiServices.swift in Sources */ = {isa = PBXBuildFile; fileRef = CEE6B8692B5BF0470030DFAE /* ApiServices.swift */; };
/* End PBXBuildFile section */

/* Begin PBXFileReference section */
		CEE6B8512B5BEE080030DFAE /* FetchNestedJsonDataCovid19.app */ = {isa = PBXFileReference; explicitFileType = wrapper.application; includeInIndex = 0; path = FetchNestedJsonDataCovid19.app; sourceTree = BUILT_PRODUCTS_DIR; };
		CEE6B8542B5BEE080030DFAE /* FetchNestedJsonDataCovid19App.swift */ = {isa = PBXFileReference; lastKnownFileType = sourcecode.swift; path = FetchNestedJsonDataCovid19App.swift; sourceTree = "<group>"; };
		CEE6B8562B5BEE080030DFAE /* ContentView.swift */ = {isa = PBXFileReference; lastKnownFileType = sourcecode.swift; path = ContentView.swift; sourceTree = "<group>"; };
		CEE6B8582B5BEE080030DFAE /* Item.swift */ = {isa = PBXFileReference; lastKnownFileType = sourcecode.swift; path = Item.swift; sourceTree = "<group>"; };
		CEE6B85A2B5BEE0B0030DFAE /* Assets.xcassets */ = {isa = PBXFileReference; lastKnownFileType = folder.assetcatalog; path = Assets.xcassets; sourceTree = "<group>"; };
		CEE6B85C2B5BEE0B0030DFAE /* FetchNestedJsonDataCovid19.entitlements */ = {isa = PBXFileReference; lastKnownFileType = text.plist.entitlements; path = FetchNestedJsonDataCovid19.entitlements; sourceTree = "<group>"; };
		CEE6B85E2B5BEE0B0030DFAE /* Preview Assets.xcassets */ = {isa = PBXFileReference; lastKnownFileType = folder.assetcatalog; path = "Preview Assets.xcassets"; sourceTree = "<group>"; };
		CEE6B8672B5BEEB60030DFAE /* Covid.swift */ = {isa = PBXFileReference; lastKnownFileType = sourcecode.swift; path = Covid.swift; sourceTree = "<group>"; };
		CEE6B8692B5BF0470030DFAE /* ApiServices.swift */ = {isa = PBXFileReference; lastKnownFileType = sourcecode.swift; path = ApiServices.swift; sourceTree = "<group>"; };
/* End PBXFileReference section */

/* Begin PBXFrameworksBuildPhase section */
		CEE6B84E2B5BEE080030DFAE /* Frameworks */ = {
			isa = PBXFrameworksBuildPhase;
			buildActionMask = 2147483647;
			files = (
			);
			runOnlyForDeploymentPostprocessing = 0;
		};
/* End PBXFrameworksBuildPhase section */

/* Begin PBXGroup section */
		CEE6B8482B5BEE080030DFAE = {
			isa = PBXGroup;
			children = (
				CEE6B8532B5BEE080030DFAE /* FetchNestedJsonDataCovid19 */,
				CEE6B8522B5BEE080030DFAE /* Products */,
			);
			sourceTree = "<group>";
		};
		CEE6B8522B5BEE080030DFAE /* Products */ = {
			isa = PBXGroup;
			children = (
				CEE6B8512B5BEE080030DFAE /* FetchNestedJsonDataCovid19.app */,
			);
			name = Products;
			sourceTree = "<group>";
		};
		CEE6B8532B5BEE080030DFAE /* FetchNestedJsonDataCovid19 */ = {
			isa = PBXGroup;
			children = (
				CEE6B8662B5BEE9B0030DFAE /* Web Services */,
				CEE6B8652B5BEE8A0030DFAE /* Model */,
				CEE6B8542B5BEE080030DFAE /* FetchNestedJsonDataCovid19App.swift */,
				CEE6B8562B5BEE080030DFAE /* ContentView.swift */,
				CEE6B8582B5BEE080030DFAE /* Item.swift */,
				CEE6B85A2B5BEE0B0030DFAE /* Assets.xcassets */,
				CEE6B85C2B5BEE0B0030DFAE /* FetchNestedJsonDataCovid19.entitlements */,
				CEE6B85D2B5BEE0B0030DFAE /* Preview Content */,
			);
			path = FetchNestedJsonDataCovid19;
			sourceTree = "<group>";
		};
		CEE6B85D2B5BEE0B0030DFAE /* Preview Content */ = {
			isa = PBXGroup;
			children = (
				CEE6B85E2B5BEE0B0030DFAE /* Preview Assets.xcassets */,
			);
			path = "Preview Content";
			sourceTree = "<group>";
		};
		CEE6B8652B5BEE8A0030DFAE /* Model */ = {
			isa = PBXGroup;
			children = (
				CEE6B8672B5BEEB60030DFAE /* Covid.swift */,
			);
			path = Model;
			sourceTree = "<group>";
		};
		CEE6B8662B5BEE9B0030DFAE /* Web Services */ = {
			isa = PBXGroup;
			children = (
				CEE6B8692B5BF0470030DFAE /* ApiServices.swift */,
			);
			path = "Web Services";
			sourceTree = "<group>";
		};
/* End PBXGroup section */

/* Begin PBXNativeTarget section */
		CEE6B8502B5BEE080030DFAE /* FetchNestedJsonDataCovid19 */ = {
			isa = PBXNativeTarget;
			buildConfigurationList = CEE6B8622B5BEE0B0030DFAE /* Build configuration list for PBXNativeTarget "FetchNestedJsonDataCovid19" */;
			buildPhases = (
				CEE6B84D2B5BEE080030DFAE /* Sources */,
				CEE6B84E2B5BEE080030DFAE /* Frameworks */,
				CEE6B84F2B5BEE080030DFAE /* Resources */,
			);
			buildRules = (
			);
			dependencies = (
			);
			name = FetchNestedJsonDataCovid19;
			productName = FetchNestedJsonDataCovid19;
			productReference = CEE6B8512B5BEE080030DFAE /* FetchNestedJsonDataCovid19.app */;
			productType = "com.apple.product-type.application";
		};
/* End PBXNativeTarget section */

/* Begin PBXProject section */
		CEE6B8492B5BEE080030DFAE /* Project object */ = {
			isa = PBXProject;
			attributes = {
				BuildIndependentTargetsInParallel = 1;
				LastSwiftUpdateCheck = 1520;
				LastUpgradeCheck = 1520;
				TargetAttributes = {
					CEE6B8502B5BEE080030DFAE = {
						CreatedOnToolsVersion = 15.2;
					};
				};
			};
			buildConfigurationList = CEE6B84C2B5BEE080030DFAE /* Build configuration list for PBXProject "FetchNestedJsonDataCovid19" */;
			compatibilityVersion = "Xcode 14.0";
			developmentRegion = en;
			hasScannedForEncodings = 0;
			knownRegions = (
				en,
				Base,
			);
			mainGroup = CEE6B8482B5BEE080030DFAE;
			productRefGroup = CEE6B8522B5BEE080030DFAE /* Products */;
			projectDirPath = "";
			projectRoot = "";
			targets = (
				CEE6B8502B5BEE080030DFAE /* FetchNestedJsonDataCovid19 */,
			);
		};
/* End PBXProject section */

/* Begin PBXResourcesBuildPhase section */
		CEE6B84F2B5BEE080030DFAE /* Resources */ = {
			isa = PBXResourcesBuildPhase;
			buildActionMask = 2147483647;
			files = (
				CEE6B85F2B5BEE0B0030DFAE /* Preview Assets.xcassets in Resources */,
				CEE6B85B2B5BEE0B0030DFAE /* Assets.xcassets in Resources */,
			);
			runOnlyForDeploymentPostprocessing = 0;
		};
/* End PBXResourcesBuildPhase section */

/* Begin PBXSourcesBuildPhase section */
		CEE6B84D2B5BEE080030DFAE /* Sources */ = {
			isa = PBXSourcesBuildPhase;
			buildActionMask = 2147483647;
			files = (
				CEE6B8572B5BEE080030DFAE /* ContentView.swift in Sources */,
				CEE6B8592B5BEE080030DFAE /* Item.swift in Sources */,
				CEE6B8552B5BEE080030DFAE /* FetchNestedJsonDataCovid19App.swift in Sources */,
				CEE6B8682B5BEEB60030DFAE /* Covid.swift in Sources */,
				CEE6B86A2B5BF0470030DFAE /* ApiServices.swift in Sources */,
			);
			runOnlyForDeploymentPostprocessing = 0;
		};
/* End PBXSourcesBuildPhase section */

/* Begin XCBuildConfiguration section */
		CEE6B8602B5BEE0B0030DFAE /* Debug */ = {
			isa = XCBuildConfiguration;
			buildSettings = {
				ALWAYS_SEARCH_USER_PATHS = NO;
				ASSETCATALOG_COMPILER_GENERATE_SWIFT_ASSET_SYMBOL_EXTENSIONS = YES;
				CLANG_ANALYZER_NONNULL = YES;
				CLANG_ANALYZER_NUMBER_OBJECT_CONVERSION = YES_AGGRESSIVE;
				CLANG_CXX_LANGUAGE_STANDARD = "gnu++20";
				CLANG_ENABLE_MODULES = YES;
				CLANG_ENABLE_OBJC_ARC = YES;
				CLANG_ENABLE_OBJC_WEAK = YES;
				CLANG_WARN_BLOCK_CAPTURE_AUTORELEASING = YES;
				CLANG_WARN_BOOL_CONVERSION = YES;
				CLANG_WARN_COMMA = YES;
				CLANG_WARN_CONSTANT_CONVERSION = YES;
				CLANG_WARN_DEPRECATED_OBJC_IMPLEMENTATIONS = YES;
				CLANG_WARN_DIRECT_OBJC_ISA_USAGE = YES_ERROR;
				CLANG_WARN_DOCUMENTATION_COMMENTS = YES;
				CLANG_WARN_EMPTY_BODY = YES;
				CLANG_WARN_ENUM_CONVERSION = YES;
				CLANG_WARN_INFINITE_RECURSION = YES;
				CLANG_WARN_INT_CONVERSION = YES;
				CLANG_WARN_NON_LITERAL_NULL_CONVERSION = YES;
				CLANG_WARN_OBJC_IMPLICIT_RETAIN_SELF = YES;
				CLANG_WARN_OBJC_LITERAL_CONVERSION = YES;
				CLANG_WARN_OBJC_ROOT_CLASS = YES_ERROR;
				CLANG_WARN_QUOTED_INCLUDE_IN_FRAMEWORK_HEADER = YES;
				CLANG_WARN_RANGE_LOOP_ANALYSIS = YES;
				CLANG_WARN_STRICT_PROTOTYPES = YES;
				CLANG_WARN_SUSPICIOUS_MOVE = YES;
				CLANG_WARN_UNGUARDED_AVAILABILITY = YES_AGGRESSIVE;
				CLANG_WARN_UNREACHABLE_CODE = YES;
				CLANG_WARN__DUPLICATE_METHOD_MATCH = YES;
				COPY_PHASE_STRIP = NO;
				DEBUG_INFORMATION_FORMAT = dwarf;
				ENABLE_STRICT_OBJC_MSGSEND = YES;
				ENABLE_TESTABILITY = YES;
				ENABLE_USER_SCRIPT_SANDBOXING = YES;
				GCC_C_LANGUAGE_STANDARD = gnu17;
				GCC_DYNAMIC_NO_PIC = NO;
				GCC_NO_COMMON_BLOCKS = YES;
				GCC_OPTIMIZATION_LEVEL = 0;
				GCC_PREPROCESSOR_DEFINITIONS = (
					"DEBUG=1",
					"$(inherited)",
				);
				GCC_WARN_64_TO_32_BIT_CONVERSION = YES;
				GCC_WARN_ABOUT_RETURN_TYPE = YES_ERROR;
				GCC_WARN_UNDECLARED_SELECTOR = YES;
				GCC_WARN_UNINITIALIZED_AUTOS = YES_AGGRESSIVE;
				GCC_WARN_UNUSED_FUNCTION = YES;
				GCC_WARN_UNUSED_VARIABLE = YES;
				LOCALIZATION_PREFERS_STRING_CATALOGS = YES;
				MTL_ENABLE_DEBUG_INFO = INCLUDE_SOURCE;
				MTL_FAST_MATH = YES;
				ONLY_ACTIVE_ARCH = YES;
				SWIFT_ACTIVE_COMPILATION_CONDITIONS = "DEBUG $(inherited)";
				SWIFT_OPTIMIZATION_LEVEL = "-Onone";
			};
			name = Debug;
		};
		CEE6B8612B5BEE0B0030DFAE /* Release */ = {
			isa = XCBuildConfiguration;
			buildSettings = {
				ALWAYS_SEARCH_USER_PATHS = NO;
				ASSETCATALOG_COMPILER_GENERATE_SWIFT_ASSET_SYMBOL_EXTENSIONS = YES;
				CLANG_ANALYZER_NONNULL = YES;
				CLANG_ANALYZER_NUMBER_OBJECT_CONVERSION = YES_AGGRESSIVE;
				CLANG_CXX_LANGUAGE_STANDARD = "gnu++20";
				CLANG_ENABLE_MODULES = YES;
				CLANG_ENABLE_OBJC_ARC = YES;
				CLANG_ENABLE_OBJC_WEAK = YES;
				CLANG_WARN_BLOCK_CAPTURE_AUTORELEASING = YES;
				CLANG_WARN_BOOL_CONVERSION = YES;
				CLANG_WARN_COMMA = YES;
				CLANG_WARN_CONSTANT_CONVERSION = YES;
				CLANG_WARN_DEPRECATED_OBJC_IMPLEMENTATIONS = YES;
				CLANG_WARN_DIRECT_OBJC_ISA_USAGE = YES_ERROR;
				CLANG_WARN_DOCUMENTATION_COMMENTS = YES;
				CLANG_WARN_EMPTY_BODY = YES;
				CLANG_WARN_ENUM_CONVERSION = YES;
				CLANG_WARN_INFINITE_RECURSION = YES;
				CLANG_WARN_INT_CONVERSION = YES;
				CLANG_WARN_NON_LITERAL_NULL_CONVERSION = YES;
				CLANG_WARN_OBJC_IMPLICIT_RETAIN_SELF = YES;
				CLANG_WARN_OBJC_LITERAL_CONVERSION = YES;
				CLANG_WARN_OBJC_ROOT_CLASS = YES_ERROR;
				CLANG_WARN_QUOTED_INCLUDE_IN_FRAMEWORK_HEADER = YES;
				CLANG_WARN_RANGE_LOOP_ANALYSIS = YES;
				CLANG_WARN_STRICT_PROTOTYPES = YES;
				CLANG_WARN_SUSPICIOUS_MOVE = YES;
				CLANG_WARN_UNGUARDED_AVAILABILITY = YES_AGGRESSIVE;
				CLANG_WARN_UNREACHABLE_CODE = YES;
				CLANG_WARN__DUPLICATE_METHOD_MATCH = YES;
				COPY_PHASE_STRIP = NO;
				DEBUG_INFORMATION_FORMAT = "dwarf-with-dsym";
				ENABLE_NS_ASSERTIONS = NO;
				ENABLE_STRICT_OBJC_MSGSEND = YES;
				ENABLE_USER_SCRIPT_SANDBOXING = YES;
				GCC_C_LANGUAGE_STANDARD = gnu17;
				GCC_NO_COMMON_BLOCKS = YES;
				GCC_WARN_64_TO_32_BIT_CONVERSION = YES;
				GCC_WARN_ABOUT_RETURN_TYPE = YES_ERROR;
				GCC_WARN_UNDECLARED_SELECTOR = YES;
				GCC_WARN_UNINITIALIZED_AUTOS = YES_AGGRESSIVE;
				GCC_WARN_UNUSED_FUNCTION = YES;
				GCC_WARN_UNUSED_VARIABLE = YES;
				LOCALIZATION_PREFERS_STRING_CATALOGS = YES;
				MTL_ENABLE_DEBUG_INFO = NO;
				MTL_FAST_MATH = YES;
				SWIFT_COMPILATION_MODE = wholemodule;
			};
			name = Release;
		};
		CEE6B8632B5BEE0B0030DFAE /* Debug */ = {
			isa = XCBuildConfiguration;
			buildSettings = {
				ASSETCATALOG_COMPILER_APPICON_NAME = AppIcon;
				ASSETCATALOG_COMPILER_GLOBAL_ACCENT_COLOR_NAME = AccentColor;
				CODE_SIGN_ENTITLEMENTS = FetchNestedJsonDataCovid19/FetchNestedJsonDataCovid19.entitlements;
				CODE_SIGN_STYLE = Automatic;
				CURRENT_PROJECT_VERSION = 1;
				DEVELOPMENT_ASSET_PATHS = "\"FetchNestedJsonDataCovid19/Preview Content\"";
				ENABLE_PREVIEWS = YES;
				GENERATE_INFOPLIST_FILE = YES;
				"INFOPLIST_KEY_UIApplicationSceneManifest_Generation[sdk=iphoneos*]" = YES;
				"INFOPLIST_KEY_UIApplicationSceneManifest_Generation[sdk=iphonesimulator*]" = YES;
				"INFOPLIST_KEY_UIApplicationSupportsIndirectInputEvents[sdk=iphoneos*]" = YES;
				"INFOPLIST_KEY_UIApplicationSupportsIndirectInputEvents[sdk=iphonesimulator*]" = YES;
				"INFOPLIST_KEY_UILaunchScreen_Generation[sdk=iphoneos*]" = YES;
				"INFOPLIST_KEY_UILaunchScreen_Generation[sdk=iphonesimulator*]" = YES;
				"INFOPLIST_KEY_UIStatusBarStyle[sdk=iphoneos*]" = UIStatusBarStyleDefault;
				"INFOPLIST_KEY_UIStatusBarStyle[sdk=iphonesimulator*]" = UIStatusBarStyleDefault;
				INFOPLIST_KEY_UISupportedInterfaceOrientations_iPad = "UIInterfaceOrientationPortrait UIInterfaceOrientationPortraitUpsideDown UIInterfaceOrientationLandscapeLeft UIInterfaceOrientationLandscapeRight";
				INFOPLIST_KEY_UISupportedInterfaceOrientations_iPhone = "UIInterfaceOrientationPortrait UIInterfaceOrientationLandscapeLeft UIInterfaceOrientationLandscapeRight";
				IPHONEOS_DEPLOYMENT_TARGET = 17.2;
				LD_RUNPATH_SEARCH_PATHS = "@executable_path/Frameworks";
				"LD_RUNPATH_SEARCH_PATHS[sdk=macosx*]" = "@executable_path/../Frameworks";
				MACOSX_DEPLOYMENT_TARGET = 14.0;
				MARKETING_VERSION = 1.0;
				PRODUCT_BUNDLE_IDENTIFIER = fawaz.FetchNestedJsonDataCovid19;
				PRODUCT_NAME = "$(TARGET_NAME)";
				SDKROOT = auto;
				SUPPORTED_PLATFORMS = "iphoneos iphonesimulator macosx";
				SWIFT_EMIT_LOC_STRINGS = YES;
				SWIFT_VERSION = 5.0;
				TARGETED_DEVICE_FAMILY = "1,2";
			};
			name = Debug;
		};
		CEE6B8642B5BEE0B0030DFAE /* Release */ = {
			isa = XCBuildConfiguration;
			buildSettings = {
				ASSETCATALOG_COMPILER_APPICON_NAME = AppIcon;
				ASSETCATALOG_COMPILER_GLOBAL_ACCENT_COLOR_NAME = AccentColor;
				CODE_SIGN_ENTITLEMENTS = FetchNestedJsonDataCovid19/FetchNestedJsonDataCovid19.entitlements;
				CODE_SIGN_STYLE = Automatic;
				CURRENT_PROJECT_VERSION = 1;
				DEVELOPMENT_ASSET_PATHS = "\"FetchNestedJsonDataCovid19/Preview Content\"";
				ENABLE_PREVIEWS = YES;
				GENERATE_INFOPLIST_FILE = YES;
				"INFOPLIST_KEY_UIApplicationSceneManifest_Generation[sdk=iphoneos*]" = YES;
				"INFOPLIST_KEY_UIApplicationSceneManifest_Generation[sdk=iphonesimulator*]" = YES;
				"INFOPLIST_KEY_UIApplicationSupportsIndirectInputEvents[sdk=iphoneos*]" = YES;
				"INFOPLIST_KEY_UIApplicationSupportsIndirectInputEvents[sdk=iphonesimulator*]" = YES;
				"INFOPLIST_KEY_UILaunchScreen_Generation[sdk=iphoneos*]" = YES;
				"INFOPLIST_KEY_UILaunchScreen_Generation[sdk=iphonesimulator*]" = YES;
				"INFOPLIST_KEY_UIStatusBarStyle[sdk=iphoneos*]" = UIStatusBarStyleDefault;
				"INFOPLIST_KEY_UIStatusBarStyle[sdk=iphonesimulator*]" = UIStatusBarStyleDefault;
				INFOPLIST_KEY_UISupportedInterfaceOrientations_iPad = "UIInterfaceOrientationPortrait UIInterfaceOrientationPortraitUpsideDown UIInterfaceOrientationLandscapeLeft UIInterfaceOrientationLandscapeRight";
				INFOPLIST_KEY_UISupportedInterfaceOrientations_iPhone = "UIInterfaceOrientationPortrait UIInterfaceOrientationLandscapeLeft UIInterfaceOrientationLandscapeRight";
				IPHONEOS_DEPLOYMENT_TARGET = 17.2;
				LD_RUNPATH_SEARCH_PATHS = "@executable_path/Frameworks";
				"LD_RUNPATH_SEARCH_PATHS[sdk=macosx*]" = "@executable_path/../Frameworks";
				MACOSX_DEPLOYMENT_TARGET = 14.0;
				MARKETING_VERSION = 1.0;
				PRODUCT_BUNDLE_IDENTIFIER = fawaz.FetchNestedJsonDataCovid19;
				PRODUCT_NAME = "$(TARGET_NAME)";
				SDKROOT = auto;
				SUPPORTED_PLATFORMS = "iphoneos iphonesimulator macosx";
				SWIFT_EMIT_LOC_STRINGS = YES;
				SWIFT_VERSION = 5.0;
				TARGETED_DEVICE_FAMILY = "1,2";
			};
			name = Release;
		};
/* End XCBuildConfiguration section */

/* Begin XCConfigurationList section */
		CEE6B84C2B5BEE080030DFAE /* Build configuration list for PBXProject "FetchNestedJsonDataCovid19" */ = {
			isa = XCConfigurationList;
			buildConfigurations = (
				CEE6B8602B5BEE0B0030DFAE /* Debug */,
				CEE6B8612B5BEE0B0030DFAE /* Release */,
			);
			defaultConfigurationIsVisible = 0;
			defaultConfigurationName = Release;
		};
		CEE6B8622B5BEE0B0030DFAE /* Build configuration list for PBXNativeTarget "FetchNestedJsonDataCovid19" */ = {
			isa = XCConfigurationList;
			buildConfigurations = (
				CEE6B8632B5BEE0B0030DFAE /* Debug */,
				CEE6B8642B5BEE0B0030DFAE /* Release */,
			);
			defaultConfigurationIsVisible = 0;
			defaultConfigurationName = Release;
		};
/* End XCConfigurationList section */
	};
	rootObject = CEE6B8492B5BEE080030DFAE /* Project object */;
}
